// !$*UTF8*$!
{
	archiveVersion = 1;
	classes = {
	};
	objectVersion = 48;
	objects = {

/* Begin PBXBuildFile section */
		A46970EF1FA7E0C50074376D /* AppDelegate.swift in Sources */ = {isa = PBXBuildFile; fileRef = A46970EE1FA7E0C50074376D /* AppDelegate.swift */; };
		A46970F11FA7E0C60074376D /* ViewController.swift in Sources */ = {isa = PBXBuildFile; fileRef = A46970F01FA7E0C60074376D /* ViewController.swift */; };
		A46970F41FA7E0C60074376D /* Main.storyboard in Resources */ = {isa = PBXBuildFile; fileRef = A46970F21FA7E0C60074376D /* Main.storyboard */; };
		A46970F61FA7E0C60074376D /* Assets.xcassets in Resources */ = {isa = PBXBuildFile; fileRef = A46970F51FA7E0C60074376D /* Assets.xcassets */; };
		A46970F91FA7E0C60074376D /* LaunchScreen.storyboard in Resources */ = {isa = PBXBuildFile; fileRef = A46970F71FA7E0C60074376D /* LaunchScreen.storyboard */; };
		A46971041FA7E0C80074376D /* LightTests.swift in Sources */ = {isa = PBXBuildFile; fileRef = A46971031FA7E0C80074376D /* LightTests.swift */; };
		A469710F1FA7E0C80074376D /* LightUITests.swift in Sources */ = {isa = PBXBuildFile; fileRef = A469710E1FA7E0C80074376D /* LightUITests.swift */; };
/* End PBXBuildFile section */

/* Begin PBXContainerItemProxy section */
		A46971001FA7E0C80074376D /* PBXContainerItemProxy */ = {
			isa = PBXContainerItemProxy;
			containerPortal = A46970E31FA7E0C50074376D /* Project object */;
			proxyType = 1;
			remoteGlobalIDString = A46970EA1FA7E0C50074376D;
			remoteInfo = Light;
		};
		A469710B1FA7E0C80074376D /* PBXContainerItemProxy */ = {
			isa = PBXContainerItemProxy;
			containerPortal = A46970E31FA7E0C50074376D /* Project object */;
			proxyType = 1;
			remoteGlobalIDString = A46970EA1FA7E0C50074376D;
			remoteInfo = Light;
		};
/* End PBXContainerItemProxy section */

/* Begin PBXFileReference section */
		A46970EB1FA7E0C50074376D /* Light.app */ = {isa = PBXFileReference; explicitFileType = wrapper.application; includeInIndex = 0; path = Light.app; sourceTree = BUILT_PRODUCTS_DIR; };
		A46970EE1FA7E0C50074376D /* AppDelegate.swift */ = {isa = PBXFileReference; lastKnownFileType = sourcecode.swift; path = AppDelegate.swift; sourceTree = "<group>"; };
		A46970F01FA7E0C60074376D /* ViewController.swift */ = {isa = PBXFileReference; lastKnownFileType = sourcecode.swift; path = ViewController.swift; sourceTree = "<group>"; };
		A46970F31FA7E0C60074376D /* Base */ = {isa = PBXFileReference; lastKnownFileType = file.storyboard; name = Base; path = Base.lproj/Main.storyboard; sourceTree = "<group>"; };
		A46970F51FA7E0C60074376D /* Assets.xcassets */ = {isa = PBXFileReference; lastKnownFileType = folder.assetcatalog; path = Assets.xcassets; sourceTree = "<group>"; };
		A46970F81FA7E0C60074376D /* Base */ = {isa = PBXFileReference; lastKnownFileType = file.storyboard; name = Base; path = Base.lproj/LaunchScreen.storyboard; sourceTree = "<group>"; };
		A46970FA1FA7E0C60074376D /* Info.plist */ = {isa = PBXFileReference; lastKnownFileType = text.plist.xml; path = Info.plist; sourceTree = "<group>"; };
		A46970FF1FA7E0C80074376D /* LightTests.xctest */ = {isa = PBXFileReference; explicitFileType = wrapper.cfbundle; includeInIndex = 0; path = LightTests.xctest; sourceTree = BUILT_PRODUCTS_DIR; };
		A46971031FA7E0C80074376D /* LightTests.swift */ = {isa = PBXFileReference; lastKnownFileType = sourcecode.swift; path = LightTests.swift; sourceTree = "<group>"; };
		A46971051FA7E0C80074376D /* Info.plist */ = {isa = PBXFileReference; lastKnownFileType = text.plist.xml; path = Info.plist; sourceTree = "<group>"; };
		A469710A1FA7E0C80074376D /* LightUITests.xctest */ = {isa = PBXFileReference; explicitFileType = wrapper.cfbundle; includeInIndex = 0; path = LightUITests.xctest; sourceTree = BUILT_PRODUCTS_DIR; };
		A469710E1FA7E0C80074376D /* LightUITests.swift */ = {isa = PBXFileReference; lastKnownFileType = sourcecode.swift; path = LightUITests.swift; sourceTree = "<group>"; };
		A46971101FA7E0C80074376D /* Info.plist */ = {isa = PBXFileReference; lastKnownFileType = text.plist.xml; path = Info.plist; sourceTree = "<group>"; };
/* End PBXFileReference section */

/* Begin PBXFrameworksBuildPhase section */
		A46970E81FA7E0C50074376D /* Frameworks */ = {
			isa = PBXFrameworksBuildPhase;
			buildActionMask = 2147483647;
			files = (
			);
			runOnlyForDeploymentPostprocessing = 0;
		};
		A46970FC1FA7E0C80074376D /* Frameworks */ = {
			isa = PBXFrameworksBuildPhase;
			buildActionMask = 2147483647;
			files = (
			);
			runOnlyForDeploymentPostprocessing = 0;
		};
		A46971071FA7E0C80074376D /* Frameworks */ = {
			isa = PBXFrameworksBuildPhase;
			buildActionMask = 2147483647;
			files = (
			);
			runOnlyForDeploymentPostprocessing = 0;
		};
/* End PBXFrameworksBuildPhase section */

/* Begin PBXGroup section */
		A46970E21FA7E0C50074376D = {
			isa = PBXGroup;
			children = (
				A46970ED1FA7E0C50074376D /* Light */,
				A46971021FA7E0C80074376D /* LightTests */,
				A469710D1FA7E0C80074376D /* LightUITests */,
				A46970EC1FA7E0C50074376D /* Products */,
			);
			sourceTree = "<group>";
		};
		A46970EC1FA7E0C50074376D /* Products */ = {
			isa = PBXGroup;
			children = (
				A46970EB1FA7E0C50074376D /* Light.app */,
				A46970FF1FA7E0C80074376D /* LightTests.xctest */,
				A469710A1FA7E0C80074376D /* LightUITests.xctest */,
			);
			name = Products;
			sourceTree = "<group>";
		};
		A46970ED1FA7E0C50074376D /* Light */ = {
			isa = PBXGroup;
			children = (
				A46970EE1FA7E0C50074376D /* AppDelegate.swift */,
				A46970F01FA7E0C60074376D /* ViewController.swift */,
				A46970F21FA7E0C60074376D /* Main.storyboard */,
				A46970F51FA7E0C60074376D /* Assets.xcassets */,
				A46970F71FA7E0C60074376D /* LaunchScreen.storyboard */,
				A46970FA1FA7E0C60074376D /* Info.plist */,
			);
			path = Light;
			sourceTree = "<group>";
		};
		A46971021FA7E0C80074376D /* LightTests */ = {
			isa = PBXGroup;
			children = (
				A46971031FA7E0C80074376D /* LightTests.swift */,
				A46971051FA7E0C80074376D /* Info.plist */,
			);
			path = LightTests;
			sourceTree = "<group>";
		};
		A469710D1FA7E0C80074376D /* LightUITests */ = {
			isa = PBXGroup;
			children = (
				A469710E1FA7E0C80074376D /* LightUITests.swift */,
				A46971101FA7E0C80074376D /* Info.plist */,
			);
			path = LightUITests;
			sourceTree = "<group>";
		};
/* End PBXGroup section */

/* Begin PBXNativeTarget section */
		A46970EA1FA7E0C50074376D /* Light */ = {
			isa = PBXNativeTarget;
			buildConfigurationList = A46971131FA7E0C80074376D /* Build configuration list for PBXNativeTarget "Light" */;
			buildPhases = (
				A46970E71FA7E0C50074376D /* Sources */,
				A46970E81FA7E0C50074376D /* Frameworks */,
				A46970E91FA7E0C50074376D /* Resources */,
			);
			buildRules = (
			);
			dependencies = (
			);
			name = Light;
			productName = Light;
			productReference = A46970EB1FA7E0C50074376D /* Light.app */;
			productType = "com.apple.product-type.application";
		};
		A46970FE1FA7E0C80074376D /* LightTests */ = {
			isa = PBXNativeTarget;
			buildConfigurationList = A46971161FA7E0C80074376D /* Build configuration list for PBXNativeTarget "LightTests" */;
			buildPhases = (
				A46970FB1FA7E0C80074376D /* Sources */,
				A46970FC1FA7E0C80074376D /* Frameworks */,
				A46970FD1FA7E0C80074376D /* Resources */,
			);
			buildRules = (
			);
			dependencies = (
				A46971011FA7E0C80074376D /* PBXTargetDependency */,
			);
			name = LightTests;
			productName = LightTests;
			productReference = A46970FF1FA7E0C80074376D /* LightTests.xctest */;
			productType = "com.apple.product-type.bundle.unit-test";
		};
		A46971091FA7E0C80074376D /* LightUITests */ = {
			isa = PBXNativeTarget;
			buildConfigurationList = A46971191FA7E0C80074376D /* Build configuration list for PBXNativeTarget "LightUITests" */;
			buildPhases = (
				A46971061FA7E0C80074376D /* Sources */,
				A46971071FA7E0C80074376D /* Frameworks */,
				A46971081FA7E0C80074376D /* Resources */,
			);
			buildRules = (
			);
			dependencies = (
				A469710C1FA7E0C80074376D /* PBXTargetDependency */,
			);
			name = LightUITests;
			productName = LightUITests;
			productReference = A469710A1FA7E0C80074376D /* LightUITests.xctest */;
			productType = "com.apple.product-type.bundle.ui-testing";
		};
/* End PBXNativeTarget section */

/* Begin PBXProject section */
		A46970E31FA7E0C50074376D /* Project object */ = {
			isa = PBXProject;
			attributes = {
				LastSwiftUpdateCheck = 0900;
				LastUpgradeCheck = 0900;
				ORGANIZATIONNAME = "Rob Dekker";
				TargetAttributes = {
					A46970EA1FA7E0C50074376D = {
						CreatedOnToolsVersion = 9.0.1;
						ProvisioningStyle = Automatic;
					};
					A46970FE1FA7E0C80074376D = {
						CreatedOnToolsVersion = 9.0.1;
						ProvisioningStyle = Automatic;
						TestTargetID = A46970EA1FA7E0C50074376D;
					};
					A46971091FA7E0C80074376D = {
						CreatedOnToolsVersion = 9.0.1;
						ProvisioningStyle = Automatic;
						TestTargetID = A46970EA1FA7E0C50074376D;
					};
				};
			};
			buildConfigurationList = A46970E61FA7E0C50074376D /* Build configuration list for PBXProject "Light" */;
			compatibilityVersion = "Xcode 8.0";
			developmentRegion = en;
			hasScannedForEncodings = 0;
			knownRegions = (
				en,
				Base,
			);
			mainGroup = A46970E21FA7E0C50074376D;
			productRefGroup = A46970EC1FA7E0C50074376D /* Products */;
			projectDirPath = "";
			projectRoot = "";
			targets = (
				A46970EA1FA7E0C50074376D /* Light */,
				A46970FE1FA7E0C80074376D /* LightTests */,
				A46971091FA7E0C80074376D /* LightUITests */,
			);
		};
/* End PBXProject section */

/* Begin PBXResourcesBuildPhase section */
		A46970E91FA7E0C50074376D /* Resources */ = {
			isa = PBXResourcesBuildPhase;
			buildActionMask = 2147483647;
			files = (
				A46970F91FA7E0C60074376D /* LaunchScreen.storyboard in Resources */,
				A46970F61FA7E0C60074376D /* Assets.xcassets in Resources */,
				A46970F41FA7E0C60074376D /* Main.storyboard in Resources */,
			);
			runOnlyForDeploymentPostprocessing = 0;
		};
		A46970FD1FA7E0C80074376D /* Resources */ = {
			isa = PBXResourcesBuildPhase;
			buildActionMask = 2147483647;
			files = (
			);
			runOnlyForDeploymentPostprocessing = 0;
		};
		A46971081FA7E0C80074376D /* Resources */ = {
			isa = PBXResourcesBuildPhase;
			buildActionMask = 2147483647;
			files = (
			);
			runOnlyForDeploymentPostprocessing = 0;
		};
/* End PBXResourcesBuildPhase section */

/* Begin PBXSourcesBuildPhase section */
		A46970E71FA7E0C50074376D /* Sources */ = {
			isa = PBXSourcesBuildPhase;
			buildActionMask = 2147483647;
			files = (
				A46970F11FA7E0C60074376D /* ViewController.swift in Sources */,
				A46970EF1FA7E0C50074376D /* AppDelegate.swift in Sources */,
			);
			runOnlyForDeploymentPostprocessing = 0;
		};
		A46970FB1FA7E0C80074376D /* Sources */ = {
			isa = PBXSourcesBuildPhase;
			buildActionMask = 2147483647;
			files = (
				A46971041FA7E0C80074376D /* LightTests.swift in Sources */,
			);
			runOnlyForDeploymentPostprocessing = 0;
		};
		A46971061FA7E0C80074376D /* Sources */ = {
			isa = PBXSourcesBuildPhase;
			buildActionMask = 2147483647;
			files = (
				A469710F1FA7E0C80074376D /* LightUITests.swift in Sources */,
			);
			runOnlyForDeploymentPostprocessing = 0;
		};
/* End PBXSourcesBuildPhase section */

/* Begin PBXTargetDependency section */
		A46971011FA7E0C80074376D /* PBXTargetDependency */ = {
			isa = PBXTargetDependency;
			target = A46970EA1FA7E0C50074376D /* Light */;
			targetProxy = A46971001FA7E0C80074376D /* PBXContainerItemProxy */;
		};
		A469710C1FA7E0C80074376D /* PBXTargetDependency */ = {
			isa = PBXTargetDependency;
			target = A46970EA1FA7E0C50074376D /* Light */;
			targetProxy = A469710B1FA7E0C80074376D /* PBXContainerItemProxy */;
		};
/* End PBXTargetDependency section */

/* Begin PBXVariantGroup section */
		A46970F21FA7E0C60074376D /* Main.storyboard */ = {
			isa = PBXVariantGroup;
			children = (
				A46970F31FA7E0C60074376D /* Base */,
			);
			name = Main.storyboard;
			sourceTree = "<group>";
		};
		A46970F71FA7E0C60074376D /* LaunchScreen.storyboard */ = {
			isa = PBXVariantGroup;
			children = (
				A46970F81FA7E0C60074376D /* Base */,
			);
			name = LaunchScreen.storyboard;
			sourceTree = "<group>";
		};
/* End PBXVariantGroup section */

/* Begin XCBuildConfiguration section */
		A46971111FA7E0C80074376D /* Debug */ = {
			isa = XCBuildConfiguration;
			buildSettings = {
				ALWAYS_SEARCH_USER_PATHS = NO;
				CLANG_ANALYZER_NONNULL = YES;
				CLANG_ANALYZER_NUMBER_OBJECT_CONVERSION = YES_AGGRESSIVE;
				CLANG_CXX_LANGUAGE_STANDARD = "gnu++14";
				CLANG_CXX_LIBRARY = "libc++";
				CLANG_ENABLE_MODULES = YES;
				CLANG_ENABLE_OBJC_ARC = YES;
				CLANG_WARN_BLOCK_CAPTURE_AUTORELEASING = YES;
				CLANG_WARN_BOOL_CONVERSION = YES;
				CLANG_WARN_COMMA = YES;
				CLANG_WARN_CONSTANT_CONVERSION = YES;
				CLANG_WARN_DIRECT_OBJC_ISA_USAGE = YES_ERROR;
				CLANG_WARN_DOCUMENTATION_COMMENTS = YES;
				CLANG_WARN_EMPTY_BODY = YES;
				CLANG_WARN_ENUM_CONVERSION = YES;
				CLANG_WARN_INFINITE_RECURSION = YES;
				CLANG_WARN_INT_CONVERSION = YES;
				CLANG_WARN_NON_LITERAL_NULL_CONVERSION = YES;
				CLANG_WARN_OBJC_LITERAL_CONVERSION = YES;
				CLANG_WARN_OBJC_ROOT_CLASS = YES_ERROR;
				CLANG_WARN_RANGE_LOOP_ANALYSIS = YES;
				CLANG_WARN_STRICT_PROTOTYPES = YES;
				CLANG_WARN_SUSPICIOUS_MOVE = YES;
				CLANG_WARN_UNGUARDED_AVAILABILITY = YES_AGGRESSIVE;
				CLANG_WARN_UNREACHABLE_CODE = YES;
				CLANG_WARN__DUPLICATE_METHOD_MATCH = YES;
				CODE_SIGN_IDENTITY = "iPhone Developer";
				COPY_PHASE_STRIP = NO;
				DEBUG_INFORMATION_FORMAT = dwarf;
				ENABLE_STRICT_OBJC_MSGSEND = YES;
				ENABLE_TESTABILITY = YES;
				GCC_C_LANGUAGE_STANDARD = gnu11;
				GCC_DYNAMIC_NO_PIC = NO;
				GCC_NO_COMMON_BLOCKS = YES;
				GCC_OPTIMIZATION_LEVEL = 0;
				GCC_PREPROCESSOR_DEFINITIONS = (
					"DEBUG=1",
					"$(inherited)",
				);
				GCC_WARN_64_TO_32_BIT_CONVERSION = YES;
				GCC_WARN_ABOUT_RETURN_TYPE = YES_ERROR;
				GCC_WARN_UNDECLARED_SELECTOR = YES;
				GCC_WARN_UNINITIALIZED_AUTOS = YES_AGGRESSIVE;
				GCC_WARN_UNUSED_FUNCTION = YES;
				GCC_WARN_UNUSED_VARIABLE = YES;
				IPHONEOS_DEPLOYMENT_TARGET = 11.0;
				MTL_ENABLE_DEBUG_INFO = YES;
				ONLY_ACTIVE_ARCH = YES;
				SDKROOT = iphoneos;
				SWIFT_ACTIVE_COMPILATION_CONDITIONS = DEBUG;
				SWIFT_OPTIMIZATION_LEVEL = "-Onone";
			};
			name = Debug;
		};
		A46971121FA7E0C80074376D /* Release */ = {
			isa = XCBuildConfiguration;
			buildSettings = {
				ALWAYS_SEARCH_USER_PATHS = NO;
				CLANG_ANALYZER_NONNULL = YES;
				CLANG_ANALYZER_NUMBER_OBJECT_CONVERSION = YES_AGGRESSIVE;
				CLANG_CXX_LANGUAGE_STANDARD = "gnu++14";
				CLANG_CXX_LIBRARY = "libc++";
				CLANG_ENABLE_MODULES = YES;
				CLANG_ENABLE_OBJC_ARC = YES;
				CLANG_WARN_BLOCK_CAPTURE_AUTORELEASING = YES;
				CLANG_WARN_BOOL_CONVERSION = YES;
				CLANG_WARN_COMMA = YES;
				CLANG_WARN_CONSTANT_CONVERSION = YES;
				CLANG_WARN_DIRECT_OBJC_ISA_USAGE = YES_ERROR;
				CLANG_WARN_DOCUMENTATION_COMMENTS = YES;
				CLANG_WARN_EMPTY_BODY = YES;
				CLANG_WARN_ENUM_CONVERSION = YES;
				CLANG_WARN_INFINITE_RECURSION = YES;
				CLANG_WARN_INT_CONVERSION = YES;
				CLANG_WARN_NON_LITERAL_NULL_CONVERSION = YES;
				CLANG_WARN_OBJC_LITERAL_CONVERSION = YES;
				CLANG_WARN_OBJC_ROOT_CLASS = YES_ERROR;
				CLANG_WARN_RANGE_LOOP_ANALYSIS = YES;
				CLANG_WARN_STRICT_PROTOTYPES = YES;
				CLANG_WARN_SUSPICIOUS_MOVE = YES;
				CLANG_WARN_UNGUARDED_AVAILABILITY = YES_AGGRESSIVE;
				CLANG_WARN_UNREACHABLE_CODE = YES;
				CLANG_WARN__DUPLICATE_METHOD_MATCH = YES;
				CODE_SIGN_IDENTITY = "iPhone Developer";
				COPY_PHASE_STRIP = NO;
				DEBUG_INFORMATION_FORMAT = "dwarf-with-dsym";
				ENABLE_NS_ASSERTIONS = NO;
				ENABLE_STRICT_OBJC_MSGSEND = YES;
				GCC_C_LANGUAGE_STANDARD = gnu11;
				GCC_NO_COMMON_BLOCKS = YES;
				GCC_WARN_64_TO_32_BIT_CONVERSION = YES;
				GCC_WARN_ABOUT_RETURN_TYPE = YES_ERROR;
				GCC_WARN_UNDECLARED_SELECTOR = YES;
				GCC_WARN_UNINITIALIZED_AUTOS = YES_AGGRESSIVE;
				GCC_WARN_UNUSED_FUNCTION = YES;
				GCC_WARN_UNUSED_VARIABLE = YES;
				IPHONEOS_DEPLOYMENT_TARGET = 11.0;
				MTL_ENABLE_DEBUG_INFO = NO;
				SDKROOT = iphoneos;
				SWIFT_OPTIMIZATION_LEVEL = "-Owholemodule";
				VALIDATE_PRODUCT = YES;
			};
			name = Release;
		};
		A46971141FA7E0C80074376D /* Debug */ = {
			isa = XCBuildConfiguration;
			buildSettings = {
				ASSETCATALOG_COMPILER_APPICON_NAME = AppIcon;
				CODE_SIGN_STYLE = Automatic;
				DEVELOPMENT_TEAM = N8D27KM92G;
				INFOPLIST_FILE = Light/Info.plist;
				LD_RUNPATH_SEARCH_PATHS = "$(inherited) @executable_path/Frameworks";
				PRODUCT_BUNDLE_IDENTIFIER = com.app.Light;
				PRODUCT_NAME = "$(TARGET_NAME)";
				SWIFT_VERSION = 4.0;
				TARGETED_DEVICE_FAMILY = "1,2";
			};
			name = Debug;
		};
		A46971151FA7E0C80074376D /* Release */ = {
			isa = XCBuildConfiguration;
			buildSettings = {
				ASSETCATALOG_COMPILER_APPICON_NAME = AppIcon;
				CODE_SIGN_STYLE = Automatic;
				DEVELOPMENT_TEAM = N8D27KM92G;
				INFOPLIST_FILE = Light/Info.plist;
				LD_RUNPATH_SEARCH_PATHS = "$(inherited) @executable_path/Frameworks";
				PRODUCT_BUNDLE_IDENTIFIER = com.app.Light;
				PRODUCT_NAME = "$(TARGET_NAME)";
				SWIFT_VERSION = 4.0;
				TARGETED_DEVICE_FAMILY = "1,2";
			};
			name = Release;
		};
		A46971171FA7E0C80074376D /* Debug */ = {
			isa = XCBuildConfiguration;
			buildSettings = {
				ALWAYS_EMBED_SWIFT_STANDARD_LIBRARIES = YES;
				BUNDLE_LOADER = "$(TEST_HOST)";
				CODE_SIGN_STYLE = Automatic;
				DEVELOPMENT_TEAM = N8D27KM92G;
				INFOPLIST_FILE = LightTests/Info.plist;
				LD_RUNPATH_SEARCH_PATHS = "$(inherited) @executable_path/Frameworks @loader_path/Frameworks";
				PRODUCT_BUNDLE_IDENTIFIER = com.app.LightTests;
				PRODUCT_NAME = "$(TARGET_NAME)";
				SWIFT_VERSION = 4.0;
				TARGETED_DEVICE_FAMILY = "1,2";
				TEST_HOST = "$(BUILT_PRODUCTS_DIR)/Light.app/Light";
			};
			name = Debug;
		};
		A46971181FA7E0C80074376D /* Release */ = {
			isa = XCBuildConfiguration;
			buildSettings = {
				ALWAYS_EMBED_SWIFT_STANDARD_LIBRARIES = YES;
				BUNDLE_LOADER = "$(TEST_HOST)";
				CODE_SIGN_STYLE = Automatic;
				DEVELOPMENT_TEAM = N8D27KM92G;
				INFOPLIST_FILE = LightTests/Info.plist;
				LD_RUNPATH_SEARCH_PATHS = "$(inherited) @executable_path/Frameworks @loader_path/Frameworks";
				PRODUCT_BUNDLE_IDENTIFIER = com.app.LightTests;
				PRODUCT_NAME = "$(TARGET_NAME)";
				SWIFT_VERSION = 4.0;
				TARGETED_DEVICE_FAMILY = "1,2";
				TEST_HOST = "$(BUILT_PRODUCTS_DIR)/Light.app/Light";
			};
			name = Release;
		};
		A469711A1FA7E0C80074376D /* Debug */ = {
			isa = XCBuildConfiguration;
			buildSettings = {
				ALWAYS_EMBED_SWIFT_STANDARD_LIBRARIES = YES;
				CODE_SIGN_STYLE = Automatic;
				DEVELOPMENT_TEAM = N8D27KM92G;
				INFOPLIST_FILE = LightUITests/Info.plist;
				LD_RUNPATH_SEARCH_PATHS = "$(inherited) @executable_path/Frameworks @loader_path/Frameworks";
				PRODUCT_BUNDLE_IDENTIFIER = com.app.LightUITests;
				PRODUCT_NAME = "$(TARGET_NAME)";
				SWIFT_VERSION = 4.0;
				TARGETED_DEVICE_FAMILY = "1,2";
				TEST_TARGET_NAME = Light;
			};
			name = Debug;
		};
		A469711B1FA7E0C80074376D /* Release */ = {
			isa = XCBuildConfiguration;
			buildSettings = {
				ALWAYS_EMBED_SWIFT_STANDARD_LIBRARIES = YES;
				CODE_SIGN_STYLE = Automatic;
				DEVELOPMENT_TEAM = N8D27KM92G;
				INFOPLIST_FILE = LightUITests/Info.plist;
				LD_RUNPATH_SEARCH_PATHS = "$(inherited) @executable_path/Frameworks @loader_path/Frameworks";
				PRODUCT_BUNDLE_IDENTIFIER = com.app.LightUITests;
				PRODUCT_NAME = "$(TARGET_NAME)";
				SWIFT_VERSION = 4.0;
				TARGETED_DEVICE_FAMILY = "1,2";
				TEST_TARGET_NAME = Light;
			};
			name = Release;
		};
/* End XCBuildConfiguration section */

/* Begin XCConfigurationList section */
		A46970E61FA7E0C50074376D /* Build configuration list for PBXProject "Light" */ = {
			isa = XCConfigurationList;
			buildConfigurations = (
				A46971111FA7E0C80074376D /* Debug */,
				A46971121FA7E0C80074376D /* Release */,
			);
			defaultConfigurationIsVisible = 0;
			defaultConfigurationName = Release;
		};
		A46971131FA7E0C80074376D /* Build configuration list for PBXNativeTarget "Light" */ = {
			isa = XCConfigurationList;
			buildConfigurations = (
				A46971141FA7E0C80074376D /* Debug */,
				A46971151FA7E0C80074376D /* Release */,
			);
			defaultConfigurationIsVisible = 0;
			defaultConfigurationName = Release;
		};
		A46971161FA7E0C80074376D /* Build configuration list for PBXNativeTarget "LightTests" */ = {
			isa = XCConfigurationList;
			buildConfigurations = (
				A46971171FA7E0C80074376D /* Debug */,
				A46971181FA7E0C80074376D /* Release */,
			);
			defaultConfigurationIsVisible = 0;
			defaultConfigurationName = Release;
		};
		A46971191FA7E0C80074376D /* Build configuration list for PBXNativeTarget "LightUITests" */ = {
			isa = XCConfigurationList;
			buildConfigurations = (
				A469711A1FA7E0C80074376D /* Debug */,
				A469711B1FA7E0C80074376D /* Release */,
			);
			defaultConfigurationIsVisible = 0;
			defaultConfigurationName = Release;
		};
/* End XCConfigurationList section */
	};
	rootObject = A46970E31FA7E0C50074376D /* Project object */;
}
